// !$*UTF8*$!
{
	archiveVersion = 1;
	classes = {
	};
	objectVersion = 52;
	objects = {

/* Begin PBXBuildFile section */
		110C7CEA26A61BCD002778B4 /* Array+Extensions.swift in Sources */ = {isa = PBXBuildFile; fileRef = 110C7CE926A61BCD002778B4 /* Array+Extensions.swift */; };
		110C7CED26A61C00002778B4 /* Bool+Extensions.swift in Sources */ = {isa = PBXBuildFile; fileRef = 110C7CEC26A61C00002778B4 /* Bool+Extensions.swift */; };
		110C7CF026A61C51002778B4 /* CALayer+Extensions.swift in Sources */ = {isa = PBXBuildFile; fileRef = 110C7CEF26A61C51002778B4 /* CALayer+Extensions.swift */; };
		110C7CF326A61C84002778B4 /* CGPoint+Extensions.swift in Sources */ = {isa = PBXBuildFile; fileRef = 110C7CF226A61C84002778B4 /* CGPoint+Extensions.swift */; };
		110C7CF626A61CB5002778B4 /* Data+Extensions.swift in Sources */ = {isa = PBXBuildFile; fileRef = 110C7CF526A61CB4002778B4 /* Data+Extensions.swift */; };
		110C7CF926A61F17002778B4 /* Double+Extensions.swift in Sources */ = {isa = PBXBuildFile; fileRef = 110C7CF826A61F17002778B4 /* Double+Extensions.swift */; };
		110C7CFD26A61F6B002778B4 /* FloatingPoint+Extensions.swift in Sources */ = {isa = PBXBuildFile; fileRef = 110C7CFC26A61F6A002778B4 /* FloatingPoint+Extensions.swift */; };
		110C7D0026A61FD3002778B4 /* NSRegularExpression+Extensions.swift in Sources */ = {isa = PBXBuildFile; fileRef = 110C7CFF26A61FD3002778B4 /* NSRegularExpression+Extensions.swift */; };
		110C7D0326A62037002778B4 /* RunOnMainThread.swift in Sources */ = {isa = PBXBuildFile; fileRef = 110C7D0226A62036002778B4 /* RunOnMainThread.swift */; };
		110C7D0626A6207A002778B4 /* NotificationCenter+Extensions.swift in Sources */ = {isa = PBXBuildFile; fileRef = 110C7D0526A6207A002778B4 /* NotificationCenter+Extensions.swift */; };
		110C7D0926A62123002778B4 /* UIControl+Extensions.swift in Sources */ = {isa = PBXBuildFile; fileRef = 110C7D0826A62123002778B4 /* UIControl+Extensions.swift */; };
		110C7D0C26A6214C002778B4 /* UIDevice+Extensions.swift in Sources */ = {isa = PBXBuildFile; fileRef = 110C7D0B26A6214B002778B4 /* UIDevice+Extensions.swift */; };
		110C7D0F26A62183002778B4 /* UIFont+Extensions.swift in Sources */ = {isa = PBXBuildFile; fileRef = 110C7D0E26A62183002778B4 /* UIFont+Extensions.swift */; };
		110C7D1226A621B8002778B4 /* UILabel+Extensions.swift in Sources */ = {isa = PBXBuildFile; fileRef = 110C7D1126A621B8002778B4 /* UILabel+Extensions.swift */; };
		110C7D1526A621F9002778B4 /* UILayoutGuide+Extensions.swift in Sources */ = {isa = PBXBuildFile; fileRef = 110C7D1426A621F9002778B4 /* UILayoutGuide+Extensions.swift */; };
		110C7D1826A62245002778B4 /* UIScrollView+Extensions.swift in Sources */ = {isa = PBXBuildFile; fileRef = 110C7D1726A62245002778B4 /* UIScrollView+Extensions.swift */; };
		110C7D1B26A62294002778B4 /* UITextView+Extensions.swift in Sources */ = {isa = PBXBuildFile; fileRef = 110C7D1A26A62294002778B4 /* UITextView+Extensions.swift */; };
		110C7D1E26A623BF002778B4 /* UIWindow+Extensions.swift in Sources */ = {isa = PBXBuildFile; fileRef = 110C7D1D26A623BF002778B4 /* UIWindow+Extensions.swift */; };
		110C7D2226A62505002778B4 /* PickerRepresentable.swift in Sources */ = {isa = PBXBuildFile; fileRef = 110C7D2126A62504002778B4 /* PickerRepresentable.swift */; };
		110C7D2626A62527002778B4 /* PickerView.swift in Sources */ = {isa = PBXBuildFile; fileRef = 110C7D2526A62527002778B4 /* PickerView.swift */; };
		110C7D2926A626A3002778B4 /* NSMutableAttributedStringBuilder.swift in Sources */ = {isa = PBXBuildFile; fileRef = 110C7D2826A626A3002778B4 /* NSMutableAttributedStringBuilder.swift */; };
		110C7D2C26A626CC002778B4 /* CustomFont.swift in Sources */ = {isa = PBXBuildFile; fileRef = 110C7D2B26A626CB002778B4 /* CustomFont.swift */; };
		110C7D3226A627A7002778B4 /* ConfettiLayer.swift in Sources */ = {isa = PBXBuildFile; fileRef = 110C7D3126A627A7002778B4 /* ConfettiLayer.swift */; };
		110C7D3626A627CF002778B4 /* ConfettiType.swift in Sources */ = {isa = PBXBuildFile; fileRef = 110C7D3526A627CF002778B4 /* ConfettiType.swift */; };
		1113A81B2542CC7C00CF79AB /* AlertBuilder.swift in Sources */ = {isa = PBXBuildFile; fileRef = 1113A81A2542CC7C00CF79AB /* AlertBuilder.swift */; };
		1131B54E2540542300BD3FE0 /* AppDelegate.swift in Sources */ = {isa = PBXBuildFile; fileRef = 1131B54D2540542300BD3FE0 /* AppDelegate.swift */; };
		1131B5502540542300BD3FE0 /* SceneDelegate.swift in Sources */ = {isa = PBXBuildFile; fileRef = 1131B54F2540542300BD3FE0 /* SceneDelegate.swift */; };
		1131B5582540542300BD3FE0 /* GenericStack.xcdatamodeld in Sources */ = {isa = PBXBuildFile; fileRef = 1131B5562540542300BD3FE0 /* GenericStack.xcdatamodeld */; };
		1131B55A2540542D00BD3FE0 /* Assets.xcassets in Resources */ = {isa = PBXBuildFile; fileRef = 1131B5592540542D00BD3FE0 /* Assets.xcassets */; };
		1131B55D2540542D00BD3FE0 /* LaunchScreen.storyboard in Resources */ = {isa = PBXBuildFile; fileRef = 1131B55B2540542D00BD3FE0 /* LaunchScreen.storyboard */; };
		1131B5652540544C00BD3FE0 /* BaseViewProtocol.swift in Sources */ = {isa = PBXBuildFile; fileRef = 1131B5642540544C00BD3FE0 /* BaseViewProtocol.swift */; };
		1131B5672540554900BD3FE0 /* UIView+Extensions.swift in Sources */ = {isa = PBXBuildFile; fileRef = 1131B5662540554900BD3FE0 /* UIView+Extensions.swift */; };
		1131B5692540560200BD3FE0 /* NSObject+Extensions.swift in Sources */ = {isa = PBXBuildFile; fileRef = 1131B5682540560200BD3FE0 /* NSObject+Extensions.swift */; };
		1131B56F25405FB600BD3FE0 /* Edge.swift in Sources */ = {isa = PBXBuildFile; fileRef = 1131B56E25405FB500BD3FE0 /* Edge.swift */; };
		1131B5722540722700BD3FE0 /* Swinject in Frameworks */ = {isa = PBXBuildFile; productRef = 1131B5712540722700BD3FE0 /* Swinject */; };
		1131B5782540727400BD3FE0 /* DependencyLoader.swift in Sources */ = {isa = PBXBuildFile; fileRef = 1131B5772540727400BD3FE0 /* DependencyLoader.swift */; };
		1131B57D2540734800BD3FE0 /* Inject.swift in Sources */ = {isa = PBXBuildFile; fileRef = 1131B57C2540734800BD3FE0 /* Inject.swift */; };
		1131B57F2540742000BD3FE0 /* UserDefaultsBacked.swift in Sources */ = {isa = PBXBuildFile; fileRef = 1131B57E2540742000BD3FE0 /* UserDefaultsBacked.swift */; };
		1131B5832540858E00BD3FE0 /* InjectSettings.swift in Sources */ = {isa = PBXBuildFile; fileRef = 1131B5822540858E00BD3FE0 /* InjectSettings.swift */; };
		1131B5852540867700BD3FE0 /* ViewControllerAssembly.swift in Sources */ = {isa = PBXBuildFile; fileRef = 1131B5842540867600BD3FE0 /* ViewControllerAssembly.swift */; };
		1131B587254086A900BD3FE0 /* PresenterAssembly.swift in Sources */ = {isa = PBXBuildFile; fileRef = 1131B586254086A900BD3FE0 /* PresenterAssembly.swift */; };
		1131B5892540881000BD3FE0 /* RepositoryAssembly.swift in Sources */ = {isa = PBXBuildFile; fileRef = 1131B5882540881000BD3FE0 /* RepositoryAssembly.swift */; };
		1131B58B254088B100BD3FE0 /* NetworkAssembly.swift in Sources */ = {isa = PBXBuildFile; fileRef = 1131B58A254088B100BD3FE0 /* NetworkAssembly.swift */; };
		1131B58D254088C000BD3FE0 /* ServiceAssembly.swift in Sources */ = {isa = PBXBuildFile; fileRef = 1131B58C254088C000BD3FE0 /* ServiceAssembly.swift */; };
		1152B38525465E4D00D8E8BB /* UIViewController+Extensions.swift in Sources */ = {isa = PBXBuildFile; fileRef = 1152B38425465E4D00D8E8BB /* UIViewController+Extensions.swift */; };
		1152B3872546600C00D8E8BB /* UINavigationController+Extensions.swift in Sources */ = {isa = PBXBuildFile; fileRef = 1152B3862546600C00D8E8BB /* UINavigationController+Extensions.swift */; };
		1152B3892546618B00D8E8BB /* UIColor+Extensions.swift in Sources */ = {isa = PBXBuildFile; fileRef = 1152B3882546618B00D8E8BB /* UIColor+Extensions.swift */; };
		1152B38B2546629100D8E8BB /* Result+Extension.swift in Sources */ = {isa = PBXBuildFile; fileRef = 1152B38A2546629100D8E8BB /* Result+Extension.swift */; };
		115E588326E0C0230014A818 /* NetworkMiddleware.swift in Sources */ = {isa = PBXBuildFile; fileRef = 115E588226E0C0230014A818 /* NetworkMiddleware.swift */; };
		115E588626E0C2230014A818 /* File.swift in Sources */ = {isa = PBXBuildFile; fileRef = 115E588526E0C2230014A818 /* File.swift */; };
		115E588826E0C24E0014A818 /* MimeType.swift in Sources */ = {isa = PBXBuildFile; fileRef = 115E588726E0C24E0014A818 /* MimeType.swift */; };
		115E588A26E0C5190014A818 /* User.swift in Sources */ = {isa = PBXBuildFile; fileRef = 115E588926E0C5190014A818 /* User.swift */; };
		11770D5C2542649B00A912F4 /* HomeViewController.swift in Sources */ = {isa = PBXBuildFile; fileRef = 11770D5A2542649B00A912F4 /* HomeViewController.swift */; };
		11770D5D2542649B00A912F4 /* HomeViewController.xib in Resources */ = {isa = PBXBuildFile; fileRef = 11770D5B2542649B00A912F4 /* HomeViewController.xib */; };
		11770D5F2542656300A912F4 /* HomeViewPresenter.swift in Sources */ = {isa = PBXBuildFile; fileRef = 11770D5E2542656300A912F4 /* HomeViewPresenter.swift */; };
		11770D6425426EC600A912F4 /* GestureRecognizerType.swift in Sources */ = {isa = PBXBuildFile; fileRef = 11770D6325426EC600A912F4 /* GestureRecognizerType.swift */; };
		11DD32452542244700601F89 /* Future.swift in Sources */ = {isa = PBXBuildFile; fileRef = 11DD32442542244700601F89 /* Future.swift */; };
		11DD32472542244E00601F89 /* Promise.swift in Sources */ = {isa = PBXBuildFile; fileRef = 11DD32462542244E00601F89 /* Promise.swift */; };
		11DD324A2542435200601F89 /* NetworkHandler.swift in Sources */ = {isa = PBXBuildFile; fileRef = 11DD32492542435200601F89 /* NetworkHandler.swift */; };
		11DD324C254243D000601F89 /* NetworkError.swift in Sources */ = {isa = PBXBuildFile; fileRef = 11DD324B254243D000601F89 /* NetworkError.swift */; };
		11DD32522542497600601F89 /* NetworkConstants.swift in Sources */ = {isa = PBXBuildFile; fileRef = 11DD32512542497600601F89 /* NetworkConstants.swift */; };
		11DD325425424A3300601F89 /* AuthRouter.swift in Sources */ = {isa = PBXBuildFile; fileRef = 11DD325325424A3300601F89 /* AuthRouter.swift */; };
		11DD325625424A6100601F89 /* AuthRepository.swift in Sources */ = {isa = PBXBuildFile; fileRef = 11DD325525424A6100601F89 /* AuthRepository.swift */; };
		11DD325A25424B0400601F89 /* Encodable+Extensions.swift in Sources */ = {isa = PBXBuildFile; fileRef = 11DD325925424B0400601F89 /* Encodable+Extensions.swift */; };
		11E853FF2541D5020062F681 /* Alamofire in Frameworks */ = {isa = PBXBuildFile; productRef = 11E853FE2541D5020062F681 /* Alamofire */; };
		11E854012541D5380062F681 /* URLRequestConvertible.swift in Sources */ = {isa = PBXBuildFile; fileRef = 11E854002541D5380062F681 /* URLRequestConvertible.swift */; };
		11E854032541D6390062F681 /* URL+Extensions.swift in Sources */ = {isa = PBXBuildFile; fileRef = 11E854022541D6390062F681 /* URL+Extensions.swift */; };
		11F6D31025D2FC3E008D1B4E /* Atomic.swift in Sources */ = {isa = PBXBuildFile; fileRef = 11F6D30F25D2FC3E008D1B4E /* Atomic.swift */; };
		11F6D31525D2FCAD008D1B4E /* ContentViewProtocol.swift in Sources */ = {isa = PBXBuildFile; fileRef = 11F6D31425D2FCAD008D1B4E /* ContentViewProtocol.swift */; };
		11F6D31825D2FCC9008D1B4E /* CountdownProtocol.swift in Sources */ = {isa = PBXBuildFile; fileRef = 11F6D31725D2FCC9008D1B4E /* CountdownProtocol.swift */; };
		11F6D31B25D2FDBA008D1B4E /* CAAnimation+Extensions.swift in Sources */ = {isa = PBXBuildFile; fileRef = 11F6D31A25D2FDBA008D1B4E /* CAAnimation+Extensions.swift */; };
		11F6D31F25D2FDFB008D1B4E /* Date+Extensions.swift in Sources */ = {isa = PBXBuildFile; fileRef = 11F6D31E25D2FDFB008D1B4E /* Date+Extensions.swift */; };
		11F6D32225D2FE9E008D1B4E /* Dictionary+Extensions.swift in Sources */ = {isa = PBXBuildFile; fileRef = 11F6D32125D2FE9E008D1B4E /* Dictionary+Extensions.swift */; };
		11F6D32525D2FF0C008D1B4E /* FileManager+Extensions.swift in Sources */ = {isa = PBXBuildFile; fileRef = 11F6D32425D2FF0C008D1B4E /* FileManager+Extensions.swift */; };
		11F6D32825D2FF39008D1B4E /* Int+Extensions.swift in Sources */ = {isa = PBXBuildFile; fileRef = 11F6D32725D2FF39008D1B4E /* Int+Extensions.swift */; };
		11F6D32B25D2FF6E008D1B4E /* NSLayoutConstraint+Extensions.swift in Sources */ = {isa = PBXBuildFile; fileRef = 11F6D32A25D2FF6E008D1B4E /* NSLayoutConstraint+Extensions.swift */; };
		11F6D32E25D2FFED008D1B4E /* String+Extensions.swift in Sources */ = {isa = PBXBuildFile; fileRef = 11F6D32D25D2FFED008D1B4E /* String+Extensions.swift */; };
		11F6D33125D30083008D1B4E /* TimeInterval+Extensions.swift in Sources */ = {isa = PBXBuildFile; fileRef = 11F6D33025D30083008D1B4E /* TimeInterval+Extensions.swift */; };
		11F6D33425D300CE008D1B4E /* UICollectionViewCell+Extensions.swift in Sources */ = {isa = PBXBuildFile; fileRef = 11F6D33325D300CE008D1B4E /* UICollectionViewCell+Extensions.swift */; };
		11F6D33725D30113008D1B4E /* UIImage+Extensions.swift in Sources */ = {isa = PBXBuildFile; fileRef = 11F6D33625D30113008D1B4E /* UIImage+Extensions.swift */; };
		11F6D33A25D30164008D1B4E /* UIResponder+Extensions.swift in Sources */ = {isa = PBXBuildFile; fileRef = 11F6D33925D30164008D1B4E /* UIResponder+Extensions.swift */; };
		11F6D33D25D30192008D1B4E /* UIStackView+Extensions.swift in Sources */ = {isa = PBXBuildFile; fileRef = 11F6D33C25D30192008D1B4E /* UIStackView+Extensions.swift */; };
		11F6D34025D301BB008D1B4E /* UITextField+Extensions.swift in Sources */ = {isa = PBXBuildFile; fileRef = 11F6D33F25D301BB008D1B4E /* UITextField+Extensions.swift */; };
		11F6D34325D30273008D1B4E /* UserDefaults+Extensions.swift in Sources */ = {isa = PBXBuildFile; fileRef = 11F6D34225D30273008D1B4E /* UserDefaults+Extensions.swift */; };
		11F6D34925D3039F008D1B4E /* CellConfigurator.swift in Sources */ = {isa = PBXBuildFile; fileRef = 11F6D34825D3039F008D1B4E /* CellConfigurator.swift */; };
		11F6D34C25D303CB008D1B4E /* ConfigurableView.swift in Sources */ = {isa = PBXBuildFile; fileRef = 11F6D34B25D303CB008D1B4E /* ConfigurableView.swift */; };
		11F6D34F25D3040D008D1B4E /* CollectionView.swift in Sources */ = {isa = PBXBuildFile; fileRef = 11F6D34E25D3040D008D1B4E /* CollectionView.swift */; };
		11F6D35225D3045D008D1B4E /* CollectionViewHeaderFooterProtocol.swift in Sources */ = {isa = PBXBuildFile; fileRef = 11F6D35125D3045D008D1B4E /* CollectionViewHeaderFooterProtocol.swift */; };
		11F6D35525D30485008D1B4E /* CollectionViewSection.swift in Sources */ = {isa = PBXBuildFile; fileRef = 11F6D35425D30485008D1B4E /* CollectionViewSection.swift */; };
		11F6D35925D304D2008D1B4E /* TableView.swift in Sources */ = {isa = PBXBuildFile; fileRef = 11F6D35825D304D2008D1B4E /* TableView.swift */; };
		11F6D35D25D30506008D1B4E /* TableViewHeaderFooterConfigurator.swift in Sources */ = {isa = PBXBuildFile; fileRef = 11F6D35C25D30506008D1B4E /* TableViewHeaderFooterConfigurator.swift */; };
		11F6D36025D30524008D1B4E /* TableViewSection.swift in Sources */ = {isa = PBXBuildFile; fileRef = 11F6D35F25D30524008D1B4E /* TableViewSection.swift */; };
		11F6D36325D30618008D1B4E /* GlobalConstants.swift in Sources */ = {isa = PBXBuildFile; fileRef = 11F6D36225D30618008D1B4E /* GlobalConstants.swift */; };
/* End PBXBuildFile section */

/* Begin PBXFileReference section */
		110C7CE926A61BCD002778B4 /* Array+Extensions.swift */ = {isa = PBXFileReference; lastKnownFileType = sourcecode.swift; path = "Array+Extensions.swift"; sourceTree = "<group>"; };
		110C7CEC26A61C00002778B4 /* Bool+Extensions.swift */ = {isa = PBXFileReference; lastKnownFileType = sourcecode.swift; path = "Bool+Extensions.swift"; sourceTree = "<group>"; };
		110C7CEF26A61C51002778B4 /* CALayer+Extensions.swift */ = {isa = PBXFileReference; lastKnownFileType = sourcecode.swift; path = "CALayer+Extensions.swift"; sourceTree = "<group>"; };
		110C7CF226A61C84002778B4 /* CGPoint+Extensions.swift */ = {isa = PBXFileReference; lastKnownFileType = sourcecode.swift; path = "CGPoint+Extensions.swift"; sourceTree = "<group>"; };
		110C7CF526A61CB4002778B4 /* Data+Extensions.swift */ = {isa = PBXFileReference; lastKnownFileType = sourcecode.swift; path = "Data+Extensions.swift"; sourceTree = "<group>"; };
		110C7CF826A61F17002778B4 /* Double+Extensions.swift */ = {isa = PBXFileReference; lastKnownFileType = sourcecode.swift; path = "Double+Extensions.swift"; sourceTree = "<group>"; };
		110C7CFC26A61F6A002778B4 /* FloatingPoint+Extensions.swift */ = {isa = PBXFileReference; lastKnownFileType = sourcecode.swift; path = "FloatingPoint+Extensions.swift"; sourceTree = "<group>"; };
		110C7CFF26A61FD3002778B4 /* NSRegularExpression+Extensions.swift */ = {isa = PBXFileReference; lastKnownFileType = sourcecode.swift; path = "NSRegularExpression+Extensions.swift"; sourceTree = "<group>"; };
		110C7D0226A62036002778B4 /* RunOnMainThread.swift */ = {isa = PBXFileReference; lastKnownFileType = sourcecode.swift; path = RunOnMainThread.swift; sourceTree = "<group>"; };
		110C7D0526A6207A002778B4 /* NotificationCenter+Extensions.swift */ = {isa = PBXFileReference; lastKnownFileType = sourcecode.swift; path = "NotificationCenter+Extensions.swift"; sourceTree = "<group>"; };
		110C7D0826A62123002778B4 /* UIControl+Extensions.swift */ = {isa = PBXFileReference; lastKnownFileType = sourcecode.swift; path = "UIControl+Extensions.swift"; sourceTree = "<group>"; };
		110C7D0B26A6214B002778B4 /* UIDevice+Extensions.swift */ = {isa = PBXFileReference; lastKnownFileType = sourcecode.swift; path = "UIDevice+Extensions.swift"; sourceTree = "<group>"; };
		110C7D0E26A62183002778B4 /* UIFont+Extensions.swift */ = {isa = PBXFileReference; lastKnownFileType = sourcecode.swift; path = "UIFont+Extensions.swift"; sourceTree = "<group>"; };
		110C7D1126A621B8002778B4 /* UILabel+Extensions.swift */ = {isa = PBXFileReference; lastKnownFileType = sourcecode.swift; path = "UILabel+Extensions.swift"; sourceTree = "<group>"; };
		110C7D1426A621F9002778B4 /* UILayoutGuide+Extensions.swift */ = {isa = PBXFileReference; lastKnownFileType = sourcecode.swift; path = "UILayoutGuide+Extensions.swift"; sourceTree = "<group>"; };
		110C7D1726A62245002778B4 /* UIScrollView+Extensions.swift */ = {isa = PBXFileReference; lastKnownFileType = sourcecode.swift; path = "UIScrollView+Extensions.swift"; sourceTree = "<group>"; };
		110C7D1A26A62294002778B4 /* UITextView+Extensions.swift */ = {isa = PBXFileReference; lastKnownFileType = sourcecode.swift; path = "UITextView+Extensions.swift"; sourceTree = "<group>"; };
		110C7D1D26A623BF002778B4 /* UIWindow+Extensions.swift */ = {isa = PBXFileReference; lastKnownFileType = sourcecode.swift; path = "UIWindow+Extensions.swift"; sourceTree = "<group>"; };
		110C7D2126A62504002778B4 /* PickerRepresentable.swift */ = {isa = PBXFileReference; lastKnownFileType = sourcecode.swift; path = PickerRepresentable.swift; sourceTree = "<group>"; };
		110C7D2526A62527002778B4 /* PickerView.swift */ = {isa = PBXFileReference; lastKnownFileType = sourcecode.swift; path = PickerView.swift; sourceTree = "<group>"; };
		110C7D2826A626A3002778B4 /* NSMutableAttributedStringBuilder.swift */ = {isa = PBXFileReference; lastKnownFileType = sourcecode.swift; path = NSMutableAttributedStringBuilder.swift; sourceTree = "<group>"; };
		110C7D2B26A626CB002778B4 /* CustomFont.swift */ = {isa = PBXFileReference; lastKnownFileType = sourcecode.swift; path = CustomFont.swift; sourceTree = "<group>"; };
		110C7D3126A627A7002778B4 /* ConfettiLayer.swift */ = {isa = PBXFileReference; lastKnownFileType = sourcecode.swift; path = ConfettiLayer.swift; sourceTree = "<group>"; };
		110C7D3526A627CF002778B4 /* ConfettiType.swift */ = {isa = PBXFileReference; lastKnownFileType = sourcecode.swift; path = ConfettiType.swift; sourceTree = "<group>"; };
		1113A81A2542CC7C00CF79AB /* AlertBuilder.swift */ = {isa = PBXFileReference; lastKnownFileType = sourcecode.swift; path = AlertBuilder.swift; sourceTree = "<group>"; };
		1131B54A2540542300BD3FE0 /* GenericStack.app */ = {isa = PBXFileReference; explicitFileType = wrapper.application; includeInIndex = 0; path = GenericStack.app; sourceTree = BUILT_PRODUCTS_DIR; };
		1131B54D2540542300BD3FE0 /* AppDelegate.swift */ = {isa = PBXFileReference; lastKnownFileType = sourcecode.swift; path = AppDelegate.swift; sourceTree = "<group>"; };
		1131B54F2540542300BD3FE0 /* SceneDelegate.swift */ = {isa = PBXFileReference; lastKnownFileType = sourcecode.swift; path = SceneDelegate.swift; sourceTree = "<group>"; };
		1131B5572540542300BD3FE0 /* GenericStack.xcdatamodel */ = {isa = PBXFileReference; lastKnownFileType = wrapper.xcdatamodel; path = GenericStack.xcdatamodel; sourceTree = "<group>"; };
		1131B5592540542D00BD3FE0 /* Assets.xcassets */ = {isa = PBXFileReference; lastKnownFileType = folder.assetcatalog; path = Assets.xcassets; sourceTree = "<group>"; };
		1131B55C2540542D00BD3FE0 /* Base */ = {isa = PBXFileReference; lastKnownFileType = file.storyboard; name = Base; path = Base.lproj/LaunchScreen.storyboard; sourceTree = "<group>"; };
		1131B55E2540542D00BD3FE0 /* Info.plist */ = {isa = PBXFileReference; lastKnownFileType = text.plist.xml; path = Info.plist; sourceTree = "<group>"; };
		1131B5642540544C00BD3FE0 /* BaseViewProtocol.swift */ = {isa = PBXFileReference; lastKnownFileType = sourcecode.swift; path = BaseViewProtocol.swift; sourceTree = "<group>"; };
		1131B5662540554900BD3FE0 /* UIView+Extensions.swift */ = {isa = PBXFileReference; lastKnownFileType = sourcecode.swift; path = "UIView+Extensions.swift"; sourceTree = "<group>"; };
		1131B5682540560200BD3FE0 /* NSObject+Extensions.swift */ = {isa = PBXFileReference; lastKnownFileType = sourcecode.swift; path = "NSObject+Extensions.swift"; sourceTree = "<group>"; };
		1131B56E25405FB500BD3FE0 /* Edge.swift */ = {isa = PBXFileReference; lastKnownFileType = sourcecode.swift; path = Edge.swift; sourceTree = "<group>"; };
		1131B5772540727400BD3FE0 /* DependencyLoader.swift */ = {isa = PBXFileReference; lastKnownFileType = sourcecode.swift; path = DependencyLoader.swift; sourceTree = "<group>"; };
		1131B57C2540734800BD3FE0 /* Inject.swift */ = {isa = PBXFileReference; lastKnownFileType = sourcecode.swift; path = Inject.swift; sourceTree = "<group>"; };
		1131B57E2540742000BD3FE0 /* UserDefaultsBacked.swift */ = {isa = PBXFileReference; lastKnownFileType = sourcecode.swift; path = UserDefaultsBacked.swift; sourceTree = "<group>"; };
		1131B5822540858E00BD3FE0 /* InjectSettings.swift */ = {isa = PBXFileReference; lastKnownFileType = sourcecode.swift; path = InjectSettings.swift; sourceTree = "<group>"; };
		1131B5842540867600BD3FE0 /* ViewControllerAssembly.swift */ = {isa = PBXFileReference; lastKnownFileType = sourcecode.swift; path = ViewControllerAssembly.swift; sourceTree = "<group>"; };
		1131B586254086A900BD3FE0 /* PresenterAssembly.swift */ = {isa = PBXFileReference; lastKnownFileType = sourcecode.swift; path = PresenterAssembly.swift; sourceTree = "<group>"; };
		1131B5882540881000BD3FE0 /* RepositoryAssembly.swift */ = {isa = PBXFileReference; lastKnownFileType = sourcecode.swift; path = RepositoryAssembly.swift; sourceTree = "<group>"; };
		1131B58A254088B100BD3FE0 /* NetworkAssembly.swift */ = {isa = PBXFileReference; lastKnownFileType = sourcecode.swift; path = NetworkAssembly.swift; sourceTree = "<group>"; };
		1131B58C254088C000BD3FE0 /* ServiceAssembly.swift */ = {isa = PBXFileReference; lastKnownFileType = sourcecode.swift; path = ServiceAssembly.swift; sourceTree = "<group>"; };
		1152B38425465E4D00D8E8BB /* UIViewController+Extensions.swift */ = {isa = PBXFileReference; lastKnownFileType = sourcecode.swift; path = "UIViewController+Extensions.swift"; sourceTree = "<group>"; };
		1152B3862546600C00D8E8BB /* UINavigationController+Extensions.swift */ = {isa = PBXFileReference; lastKnownFileType = sourcecode.swift; path = "UINavigationController+Extensions.swift"; sourceTree = "<group>"; };
		1152B3882546618B00D8E8BB /* UIColor+Extensions.swift */ = {isa = PBXFileReference; lastKnownFileType = sourcecode.swift; path = "UIColor+Extensions.swift"; sourceTree = "<group>"; };
		1152B38A2546629100D8E8BB /* Result+Extension.swift */ = {isa = PBXFileReference; lastKnownFileType = sourcecode.swift; path = "Result+Extension.swift"; sourceTree = "<group>"; };
		115E588226E0C0230014A818 /* NetworkMiddleware.swift */ = {isa = PBXFileReference; lastKnownFileType = sourcecode.swift; path = NetworkMiddleware.swift; sourceTree = "<group>"; };
		115E588526E0C2230014A818 /* File.swift */ = {isa = PBXFileReference; lastKnownFileType = sourcecode.swift; path = File.swift; sourceTree = "<group>"; };
		115E588726E0C24E0014A818 /* MimeType.swift */ = {isa = PBXFileReference; lastKnownFileType = sourcecode.swift; path = MimeType.swift; sourceTree = "<group>"; };
		115E588926E0C5190014A818 /* User.swift */ = {isa = PBXFileReference; lastKnownFileType = sourcecode.swift; path = User.swift; sourceTree = "<group>"; };
		11770D5A2542649B00A912F4 /* HomeViewController.swift */ = {isa = PBXFileReference; lastKnownFileType = sourcecode.swift; path = HomeViewController.swift; sourceTree = "<group>"; };
		11770D5B2542649B00A912F4 /* HomeViewController.xib */ = {isa = PBXFileReference; lastKnownFileType = file.xib; path = HomeViewController.xib; sourceTree = "<group>"; };
		11770D5E2542656300A912F4 /* HomeViewPresenter.swift */ = {isa = PBXFileReference; lastKnownFileType = sourcecode.swift; path = HomeViewPresenter.swift; sourceTree = "<group>"; };
		11770D6325426EC600A912F4 /* GestureRecognizerType.swift */ = {isa = PBXFileReference; lastKnownFileType = sourcecode.swift; path = GestureRecognizerType.swift; sourceTree = "<group>"; };
		11DD32442542244700601F89 /* Future.swift */ = {isa = PBXFileReference; lastKnownFileType = sourcecode.swift; path = Future.swift; sourceTree = "<group>"; };
		11DD32462542244E00601F89 /* Promise.swift */ = {isa = PBXFileReference; lastKnownFileType = sourcecode.swift; path = Promise.swift; sourceTree = "<group>"; };
		11DD32492542435200601F89 /* NetworkHandler.swift */ = {isa = PBXFileReference; lastKnownFileType = sourcecode.swift; path = NetworkHandler.swift; sourceTree = "<group>"; };
		11DD324B254243D000601F89 /* NetworkError.swift */ = {isa = PBXFileReference; lastKnownFileType = sourcecode.swift; path = NetworkError.swift; sourceTree = "<group>"; };
		11DD32512542497600601F89 /* NetworkConstants.swift */ = {isa = PBXFileReference; lastKnownFileType = sourcecode.swift; path = NetworkConstants.swift; sourceTree = "<group>"; };
		11DD325325424A3300601F89 /* AuthRouter.swift */ = {isa = PBXFileReference; lastKnownFileType = sourcecode.swift; path = AuthRouter.swift; sourceTree = "<group>"; };
		11DD325525424A6100601F89 /* AuthRepository.swift */ = {isa = PBXFileReference; lastKnownFileType = sourcecode.swift; path = AuthRepository.swift; sourceTree = "<group>"; };
		11DD325925424B0400601F89 /* Encodable+Extensions.swift */ = {isa = PBXFileReference; lastKnownFileType = sourcecode.swift; path = "Encodable+Extensions.swift"; sourceTree = "<group>"; };
		11E854002541D5380062F681 /* URLRequestConvertible.swift */ = {isa = PBXFileReference; lastKnownFileType = sourcecode.swift; path = URLRequestConvertible.swift; sourceTree = "<group>"; };
		11E854022541D6390062F681 /* URL+Extensions.swift */ = {isa = PBXFileReference; lastKnownFileType = sourcecode.swift; path = "URL+Extensions.swift"; sourceTree = "<group>"; };
		11F6D30F25D2FC3E008D1B4E /* Atomic.swift */ = {isa = PBXFileReference; lastKnownFileType = sourcecode.swift; path = Atomic.swift; sourceTree = "<group>"; };
		11F6D31425D2FCAD008D1B4E /* ContentViewProtocol.swift */ = {isa = PBXFileReference; lastKnownFileType = sourcecode.swift; path = ContentViewProtocol.swift; sourceTree = "<group>"; };
		11F6D31725D2FCC9008D1B4E /* CountdownProtocol.swift */ = {isa = PBXFileReference; lastKnownFileType = sourcecode.swift; path = CountdownProtocol.swift; sourceTree = "<group>"; };
		11F6D31A25D2FDBA008D1B4E /* CAAnimation+Extensions.swift */ = {isa = PBXFileReference; lastKnownFileType = sourcecode.swift; path = "CAAnimation+Extensions.swift"; sourceTree = "<group>"; };
		11F6D31E25D2FDFB008D1B4E /* Date+Extensions.swift */ = {isa = PBXFileReference; lastKnownFileType = sourcecode.swift; path = "Date+Extensions.swift"; sourceTree = "<group>"; };
		11F6D32125D2FE9E008D1B4E /* Dictionary+Extensions.swift */ = {isa = PBXFileReference; lastKnownFileType = sourcecode.swift; path = "Dictionary+Extensions.swift"; sourceTree = "<group>"; };
		11F6D32425D2FF0C008D1B4E /* FileManager+Extensions.swift */ = {isa = PBXFileReference; lastKnownFileType = sourcecode.swift; path = "FileManager+Extensions.swift"; sourceTree = "<group>"; };
		11F6D32725D2FF39008D1B4E /* Int+Extensions.swift */ = {isa = PBXFileReference; lastKnownFileType = sourcecode.swift; path = "Int+Extensions.swift"; sourceTree = "<group>"; };
		11F6D32A25D2FF6E008D1B4E /* NSLayoutConstraint+Extensions.swift */ = {isa = PBXFileReference; lastKnownFileType = sourcecode.swift; path = "NSLayoutConstraint+Extensions.swift"; sourceTree = "<group>"; };
		11F6D32D25D2FFED008D1B4E /* String+Extensions.swift */ = {isa = PBXFileReference; lastKnownFileType = sourcecode.swift; path = "String+Extensions.swift"; sourceTree = "<group>"; };
		11F6D33025D30083008D1B4E /* TimeInterval+Extensions.swift */ = {isa = PBXFileReference; lastKnownFileType = sourcecode.swift; path = "TimeInterval+Extensions.swift"; sourceTree = "<group>"; };
		11F6D33325D300CE008D1B4E /* UICollectionViewCell+Extensions.swift */ = {isa = PBXFileReference; lastKnownFileType = sourcecode.swift; path = "UICollectionViewCell+Extensions.swift"; sourceTree = "<group>"; };
		11F6D33625D30113008D1B4E /* UIImage+Extensions.swift */ = {isa = PBXFileReference; lastKnownFileType = sourcecode.swift; path = "UIImage+Extensions.swift"; sourceTree = "<group>"; };
		11F6D33925D30164008D1B4E /* UIResponder+Extensions.swift */ = {isa = PBXFileReference; lastKnownFileType = sourcecode.swift; path = "UIResponder+Extensions.swift"; sourceTree = "<group>"; };
		11F6D33C25D30192008D1B4E /* UIStackView+Extensions.swift */ = {isa = PBXFileReference; lastKnownFileType = sourcecode.swift; path = "UIStackView+Extensions.swift"; sourceTree = "<group>"; };
		11F6D33F25D301BB008D1B4E /* UITextField+Extensions.swift */ = {isa = PBXFileReference; lastKnownFileType = sourcecode.swift; path = "UITextField+Extensions.swift"; sourceTree = "<group>"; };
		11F6D34225D30273008D1B4E /* UserDefaults+Extensions.swift */ = {isa = PBXFileReference; lastKnownFileType = sourcecode.swift; path = "UserDefaults+Extensions.swift"; sourceTree = "<group>"; };
		11F6D34825D3039F008D1B4E /* CellConfigurator.swift */ = {isa = PBXFileReference; lastKnownFileType = sourcecode.swift; path = CellConfigurator.swift; sourceTree = "<group>"; };
		11F6D34B25D303CB008D1B4E /* ConfigurableView.swift */ = {isa = PBXFileReference; lastKnownFileType = sourcecode.swift; path = ConfigurableView.swift; sourceTree = "<group>"; };
		11F6D34E25D3040D008D1B4E /* CollectionView.swift */ = {isa = PBXFileReference; lastKnownFileType = sourcecode.swift; path = CollectionView.swift; sourceTree = "<group>"; };
		11F6D35125D3045D008D1B4E /* CollectionViewHeaderFooterProtocol.swift */ = {isa = PBXFileReference; lastKnownFileType = sourcecode.swift; path = CollectionViewHeaderFooterProtocol.swift; sourceTree = "<group>"; };
		11F6D35425D30485008D1B4E /* CollectionViewSection.swift */ = {isa = PBXFileReference; lastKnownFileType = sourcecode.swift; path = CollectionViewSection.swift; sourceTree = "<group>"; };
		11F6D35825D304D2008D1B4E /* TableView.swift */ = {isa = PBXFileReference; lastKnownFileType = sourcecode.swift; path = TableView.swift; sourceTree = "<group>"; };
		11F6D35C25D30506008D1B4E /* TableViewHeaderFooterConfigurator.swift */ = {isa = PBXFileReference; lastKnownFileType = sourcecode.swift; path = TableViewHeaderFooterConfigurator.swift; sourceTree = "<group>"; };
		11F6D35F25D30524008D1B4E /* TableViewSection.swift */ = {isa = PBXFileReference; lastKnownFileType = sourcecode.swift; path = TableViewSection.swift; sourceTree = "<group>"; };
		11F6D36225D30618008D1B4E /* GlobalConstants.swift */ = {isa = PBXFileReference; lastKnownFileType = sourcecode.swift; path = GlobalConstants.swift; sourceTree = "<group>"; };
/* End PBXFileReference section */

/* Begin PBXFrameworksBuildPhase section */
		1131B5472540542300BD3FE0 /* Frameworks */ = {
			isa = PBXFrameworksBuildPhase;
			buildActionMask = 2147483647;
			files = (
				1131B5722540722700BD3FE0 /* Swinject in Frameworks */,
				11E853FF2541D5020062F681 /* Alamofire in Frameworks */,
			);
			runOnlyForDeploymentPostprocessing = 0;
		};
/* End PBXFrameworksBuildPhase section */

/* Begin PBXGroup section */
		110C7D2026A624F6002778B4 /* PickerView */ = {
			isa = PBXGroup;
			children = (
				110C7D2126A62504002778B4 /* PickerRepresentable.swift */,
				110C7D2526A62527002778B4 /* PickerView.swift */,
			);
			path = PickerView;
			sourceTree = "<group>";
		};
		110C7D2F26A6276A002778B4 /* ReusableLayers */ = {
			isa = PBXGroup;
			children = (
				110C7D3026A6278B002778B4 /* Confetti */,
			);
			path = ReusableLayers;
			sourceTree = "<group>";
		};
		110C7D3026A6278B002778B4 /* Confetti */ = {
			isa = PBXGroup;
			children = (
				110C7D3126A627A7002778B4 /* ConfettiLayer.swift */,
				110C7D3526A627CF002778B4 /* ConfettiType.swift */,
			);
			path = Confetti;
			sourceTree = "<group>";
		};
		1113A81C2542CC8300CF79AB /* Builders */ = {
			isa = PBXGroup;
			children = (
				1113A81A2542CC7C00CF79AB /* AlertBuilder.swift */,
				110C7D2826A626A3002778B4 /* NSMutableAttributedStringBuilder.swift */,
			);
			path = Builders;
			sourceTree = "<group>";
		};
		1131B5412540542300BD3FE0 = {
			isa = PBXGroup;
			children = (
				1131B54C2540542300BD3FE0 /* GenericStack */,
				1131B54B2540542300BD3FE0 /* Products */,
			);
			sourceTree = "<group>";
		};
		1131B54B2540542300BD3FE0 /* Products */ = {
			isa = PBXGroup;
			children = (
				1131B54A2540542300BD3FE0 /* GenericStack.app */,
			);
			name = Products;
			sourceTree = "<group>";
		};
		1131B54C2540542300BD3FE0 /* GenericStack */ = {
			isa = PBXGroup;
			children = (
				11770D6225426AAD00A912F4 /* Core */,
				1131B5762540725C00BD3FE0 /* DependencyInjection */,
				11770D6025426A8F00A912F4 /* Scenes */,
				1131B5742540724300BD3FE0 /* Base */,
				115E588426E0C20D0014A818 /* Model */,
				11DD32482542308A00601F89 /* NetworkStack */,
				11DD325825424A7200601F89 /* Repositories */,
				11DD325725424A6A00601F89 /* Routers */,
				1131B5732540723700BD3FE0 /* Extensions */,
				11F6D34525D30303008D1B4E /* GenericViews */,
				1131B5792540730300BD3FE0 /* PropertyWrappers */,
				1131B5752540724D00BD3FE0 /* Enums */,
				11DD32502542496500601F89 /* Constants */,
				11F6D30E25D2FC21008D1B4E /* Utilities */,
				110C7D2F26A6276A002778B4 /* ReusableLayers */,
				1131B5592540542D00BD3FE0 /* Assets.xcassets */,
				1131B55B2540542D00BD3FE0 /* LaunchScreen.storyboard */,
				1131B55E2540542D00BD3FE0 /* Info.plist */,
				1131B5562540542300BD3FE0 /* GenericStack.xcdatamodeld */,
			);
			path = GenericStack;
			sourceTree = "<group>";
		};
		1131B5732540723700BD3FE0 /* Extensions */ = {
			isa = PBXGroup;
			children = (
				110C7CE926A61BCD002778B4 /* Array+Extensions.swift */,
				110C7CEC26A61C00002778B4 /* Bool+Extensions.swift */,
				11F6D31A25D2FDBA008D1B4E /* CAAnimation+Extensions.swift */,
				110C7CEF26A61C51002778B4 /* CALayer+Extensions.swift */,
				110C7CF226A61C84002778B4 /* CGPoint+Extensions.swift */,
				110C7CF526A61CB4002778B4 /* Data+Extensions.swift */,
				11F6D31E25D2FDFB008D1B4E /* Date+Extensions.swift */,
				11F6D32125D2FE9E008D1B4E /* Dictionary+Extensions.swift */,
				110C7CF826A61F17002778B4 /* Double+Extensions.swift */,
				11DD325925424B0400601F89 /* Encodable+Extensions.swift */,
				11F6D32425D2FF0C008D1B4E /* FileManager+Extensions.swift */,
				110C7CFC26A61F6A002778B4 /* FloatingPoint+Extensions.swift */,
				11F6D32725D2FF39008D1B4E /* Int+Extensions.swift */,
				110C7D0526A6207A002778B4 /* NotificationCenter+Extensions.swift */,
				11F6D32A25D2FF6E008D1B4E /* NSLayoutConstraint+Extensions.swift */,
				1131B5682540560200BD3FE0 /* NSObject+Extensions.swift */,
				110C7CFF26A61FD3002778B4 /* NSRegularExpression+Extensions.swift */,
				1152B38A2546629100D8E8BB /* Result+Extension.swift */,
				11F6D32D25D2FFED008D1B4E /* String+Extensions.swift */,
				11F6D33025D30083008D1B4E /* TimeInterval+Extensions.swift */,
				11F6D33325D300CE008D1B4E /* UICollectionViewCell+Extensions.swift */,
				1152B3882546618B00D8E8BB /* UIColor+Extensions.swift */,
				110C7D0826A62123002778B4 /* UIControl+Extensions.swift */,
				110C7D0B26A6214B002778B4 /* UIDevice+Extensions.swift */,
				110C7D0E26A62183002778B4 /* UIFont+Extensions.swift */,
				11F6D33625D30113008D1B4E /* UIImage+Extensions.swift */,
				110C7D1126A621B8002778B4 /* UILabel+Extensions.swift */,
				110C7D1426A621F9002778B4 /* UILayoutGuide+Extensions.swift */,
				1152B3862546600C00D8E8BB /* UINavigationController+Extensions.swift */,
				11F6D33925D30164008D1B4E /* UIResponder+Extensions.swift */,
				110C7D1726A62245002778B4 /* UIScrollView+Extensions.swift */,
				11F6D33C25D30192008D1B4E /* UIStackView+Extensions.swift */,
				11F6D33F25D301BB008D1B4E /* UITextField+Extensions.swift */,
				110C7D1A26A62294002778B4 /* UITextView+Extensions.swift */,
				1131B5662540554900BD3FE0 /* UIView+Extensions.swift */,
				1152B38425465E4D00D8E8BB /* UIViewController+Extensions.swift */,
				110C7D1D26A623BF002778B4 /* UIWindow+Extensions.swift */,
				11E854022541D6390062F681 /* URL+Extensions.swift */,
				11F6D34225D30273008D1B4E /* UserDefaults+Extensions.swift */,
			);
			path = Extensions;
			sourceTree = "<group>";
		};
		1131B5742540724300BD3FE0 /* Base */ = {
			isa = PBXGroup;
			children = (
				1131B5642540544C00BD3FE0 /* BaseViewProtocol.swift */,
			);
			path = Base;
			sourceTree = "<group>";
		};
		1131B5752540724D00BD3FE0 /* Enums */ = {
			isa = PBXGroup;
			children = (
				11DD324B254243D000601F89 /* NetworkError.swift */,
				1131B56E25405FB500BD3FE0 /* Edge.swift */,
				11770D6325426EC600A912F4 /* GestureRecognizerType.swift */,
				115E588726E0C24E0014A818 /* MimeType.swift */,
			);
			path = Enums;
			sourceTree = "<group>";
		};
		1131B5762540725C00BD3FE0 /* DependencyInjection */ = {
			isa = PBXGroup;
			children = (
				1131B5772540727400BD3FE0 /* DependencyLoader.swift */,
				1131B5842540867600BD3FE0 /* ViewControllerAssembly.swift */,
				1131B586254086A900BD3FE0 /* PresenterAssembly.swift */,
				1131B5882540881000BD3FE0 /* RepositoryAssembly.swift */,
				1131B58A254088B100BD3FE0 /* NetworkAssembly.swift */,
				1131B58C254088C000BD3FE0 /* ServiceAssembly.swift */,
			);
			path = DependencyInjection;
			sourceTree = "<group>";
		};
		1131B5792540730300BD3FE0 /* PropertyWrappers */ = {
			isa = PBXGroup;
			children = (
				11DD324F254247B200601F89 /* UserDefaultsBacked */,
				1131B57A2540731500BD3FE0 /* Inject */,
			);
			path = PropertyWrappers;
			sourceTree = "<group>";
		};
		1131B57A2540731500BD3FE0 /* Inject */ = {
			isa = PBXGroup;
			children = (
				1131B57C2540734800BD3FE0 /* Inject.swift */,
				1131B5822540858E00BD3FE0 /* InjectSettings.swift */,
			);
			path = Inject;
			sourceTree = "<group>";
		};
		115E588426E0C20D0014A818 /* Model */ = {
			isa = PBXGroup;
			children = (
				115E588526E0C2230014A818 /* File.swift */,
				115E588926E0C5190014A818 /* User.swift */,
			);
			path = Model;
			sourceTree = "<group>";
		};
		11770D6025426A8F00A912F4 /* Scenes */ = {
			isa = PBXGroup;
			children = (
				11770D6125426A9C00A912F4 /* Home */,
			);
			path = Scenes;
			sourceTree = "<group>";
		};
		11770D6125426A9C00A912F4 /* Home */ = {
			isa = PBXGroup;
			children = (
				11770D5A2542649B00A912F4 /* HomeViewController.swift */,
				11770D5E2542656300A912F4 /* HomeViewPresenter.swift */,
				11770D5B2542649B00A912F4 /* HomeViewController.xib */,
			);
			path = Home;
			sourceTree = "<group>";
		};
		11770D6225426AAD00A912F4 /* Core */ = {
			isa = PBXGroup;
			children = (
				1131B54D2540542300BD3FE0 /* AppDelegate.swift */,
				1131B54F2540542300BD3FE0 /* SceneDelegate.swift */,
			);
			path = Core;
			sourceTree = "<group>";
		};
		11DD32482542308A00601F89 /* NetworkStack */ = {
			isa = PBXGroup;
			children = (
				11E854002541D5380062F681 /* URLRequestConvertible.swift */,
				11DD32492542435200601F89 /* NetworkHandler.swift */,
				115E588226E0C0230014A818 /* NetworkMiddleware.swift */,
				11DD32442542244700601F89 /* Future.swift */,
				11DD32462542244E00601F89 /* Promise.swift */,
			);
			path = NetworkStack;
			sourceTree = "<group>";
		};
		11DD324F254247B200601F89 /* UserDefaultsBacked */ = {
			isa = PBXGroup;
			children = (
				1131B57E2540742000BD3FE0 /* UserDefaultsBacked.swift */,
			);
			path = UserDefaultsBacked;
			sourceTree = "<group>";
		};
		11DD32502542496500601F89 /* Constants */ = {
			isa = PBXGroup;
			children = (
				11DD32512542497600601F89 /* NetworkConstants.swift */,
				11F6D36225D30618008D1B4E /* GlobalConstants.swift */,
			);
			path = Constants;
			sourceTree = "<group>";
		};
		11DD325725424A6A00601F89 /* Routers */ = {
			isa = PBXGroup;
			children = (
				11DD325325424A3300601F89 /* AuthRouter.swift */,
			);
			path = Routers;
			sourceTree = "<group>";
		};
		11DD325825424A7200601F89 /* Repositories */ = {
			isa = PBXGroup;
			children = (
				11DD325525424A6100601F89 /* AuthRepository.swift */,
			);
			path = Repositories;
			sourceTree = "<group>";
		};
		11F6D30E25D2FC21008D1B4E /* Utilities */ = {
			isa = PBXGroup;
			children = (
				11F6D31325D2FC9E008D1B4E /* Protocols */,
				1113A81C2542CC8300CF79AB /* Builders */,
				11F6D30F25D2FC3E008D1B4E /* Atomic.swift */,
				110C7D2B26A626CB002778B4 /* CustomFont.swift */,
				110C7D0226A62036002778B4 /* RunOnMainThread.swift */,
			);
			path = Utilities;
			sourceTree = "<group>";
		};
		11F6D31325D2FC9E008D1B4E /* Protocols */ = {
			isa = PBXGroup;
			children = (
				11F6D31425D2FCAD008D1B4E /* ContentViewProtocol.swift */,
				11F6D31725D2FCC9008D1B4E /* CountdownProtocol.swift */,
			);
			path = Protocols;
			sourceTree = "<group>";
		};
		11F6D34525D30303008D1B4E /* GenericViews */ = {
			isa = PBXGroup;
			children = (
				110C7D2026A624F6002778B4 /* PickerView */,
				11F6D35725D304A9008D1B4E /* TableView */,
				11F6D34725D3032A008D1B4E /* GenericItem */,
				11F6D34625D3031B008D1B4E /* CollectionView */,
			);
			path = GenericViews;
			sourceTree = "<group>";
		};
		11F6D34625D3031B008D1B4E /* CollectionView */ = {
			isa = PBXGroup;
			children = (
				11F6D34E25D3040D008D1B4E /* CollectionView.swift */,
				11F6D35125D3045D008D1B4E /* CollectionViewHeaderFooterProtocol.swift */,
				11F6D35425D30485008D1B4E /* CollectionViewSection.swift */,
			);
			path = CollectionView;
			sourceTree = "<group>";
		};
		11F6D34725D3032A008D1B4E /* GenericItem */ = {
			isa = PBXGroup;
			children = (
				11F6D34825D3039F008D1B4E /* CellConfigurator.swift */,
				11F6D34B25D303CB008D1B4E /* ConfigurableView.swift */,
			);
			path = GenericItem;
			sourceTree = "<group>";
		};
		11F6D35725D304A9008D1B4E /* TableView */ = {
			isa = PBXGroup;
			children = (
				11F6D35825D304D2008D1B4E /* TableView.swift */,
				11F6D35C25D30506008D1B4E /* TableViewHeaderFooterConfigurator.swift */,
				11F6D35F25D30524008D1B4E /* TableViewSection.swift */,
			);
			path = TableView;
			sourceTree = "<group>";
		};
/* End PBXGroup section */

/* Begin PBXNativeTarget section */
		1131B5492540542300BD3FE0 /* GenericStack */ = {
			isa = PBXNativeTarget;
			buildConfigurationList = 1131B5612540542D00BD3FE0 /* Build configuration list for PBXNativeTarget "GenericStack" */;
			buildPhases = (
				1131B5462540542300BD3FE0 /* Sources */,
				1131B5472540542300BD3FE0 /* Frameworks */,
				1131B5482540542300BD3FE0 /* Resources */,
			);
			buildRules = (
			);
			dependencies = (
			);
			name = GenericStack;
			packageProductDependencies = (
				1131B5712540722700BD3FE0 /* Swinject */,
				11E853FE2541D5020062F681 /* Alamofire */,
			);
			productName = GenericStack;
			productReference = 1131B54A2540542300BD3FE0 /* GenericStack.app */;
			productType = "com.apple.product-type.application";
		};
/* End PBXNativeTarget section */

/* Begin PBXProject section */
		1131B5422540542300BD3FE0 /* Project object */ = {
			isa = PBXProject;
			attributes = {
				LastSwiftUpdateCheck = 1160;
				LastUpgradeCheck = 1230;
				ORGANIZATIONNAME = "Srivinayak Chaitanya Eshwa";
				TargetAttributes = {
					1131B5492540542300BD3FE0 = {
						CreatedOnToolsVersion = 11.6;
					};
				};
			};
			buildConfigurationList = 1131B5452540542300BD3FE0 /* Build configuration list for PBXProject "GenericStack" */;
			compatibilityVersion = "Xcode 9.3";
			developmentRegion = en;
			hasScannedForEncodings = 0;
			knownRegions = (
				en,
				Base,
			);
			mainGroup = 1131B5412540542300BD3FE0;
			packageReferences = (
				1131B5702540722700BD3FE0 /* XCRemoteSwiftPackageReference "Swinject" */,
				11E853FD2541D5020062F681 /* XCRemoteSwiftPackageReference "Alamofire" */,
			);
			productRefGroup = 1131B54B2540542300BD3FE0 /* Products */;
			projectDirPath = "";
			projectRoot = "";
			targets = (
				1131B5492540542300BD3FE0 /* GenericStack */,
			);
		};
/* End PBXProject section */

/* Begin PBXResourcesBuildPhase section */
		1131B5482540542300BD3FE0 /* Resources */ = {
			isa = PBXResourcesBuildPhase;
			buildActionMask = 2147483647;
			files = (
				1131B55D2540542D00BD3FE0 /* LaunchScreen.storyboard in Resources */,
				1131B55A2540542D00BD3FE0 /* Assets.xcassets in Resources */,
				11770D5D2542649B00A912F4 /* HomeViewController.xib in Resources */,
			);
			runOnlyForDeploymentPostprocessing = 0;
		};
/* End PBXResourcesBuildPhase section */

/* Begin PBXSourcesBuildPhase section */
		1131B5462540542300BD3FE0 /* Sources */ = {
			isa = PBXSourcesBuildPhase;
			buildActionMask = 2147483647;
			files = (
				11770D6425426EC600A912F4 /* GestureRecognizerType.swift in Sources */,
				1131B57D2540734800BD3FE0 /* Inject.swift in Sources */,
				115E588326E0C0230014A818 /* NetworkMiddleware.swift in Sources */,
				11F6D34025D301BB008D1B4E /* UITextField+Extensions.swift in Sources */,
				11DD324A2542435200601F89 /* NetworkHandler.swift in Sources */,
				110C7D0326A62037002778B4 /* RunOnMainThread.swift in Sources */,
				110C7D1226A621B8002778B4 /* UILabel+Extensions.swift in Sources */,
				110C7D2C26A626CC002778B4 /* CustomFont.swift in Sources */,
				11DD324C254243D000601F89 /* NetworkError.swift in Sources */,
				1131B5832540858E00BD3FE0 /* InjectSettings.swift in Sources */,
				1152B38B2546629100D8E8BB /* Result+Extension.swift in Sources */,
				11DD32472542244E00601F89 /* Promise.swift in Sources */,
				110C7CEA26A61BCD002778B4 /* Array+Extensions.swift in Sources */,
				11F6D31B25D2FDBA008D1B4E /* CAAnimation+Extensions.swift in Sources */,
				115E588826E0C24E0014A818 /* MimeType.swift in Sources */,
				1131B5672540554900BD3FE0 /* UIView+Extensions.swift in Sources */,
				110C7D0026A61FD3002778B4 /* NSRegularExpression+Extensions.swift in Sources */,
				110C7D0C26A6214C002778B4 /* UIDevice+Extensions.swift in Sources */,
				1131B5852540867700BD3FE0 /* ViewControllerAssembly.swift in Sources */,
				110C7D0F26A62183002778B4 /* UIFont+Extensions.swift in Sources */,
				11DD325425424A3300601F89 /* AuthRouter.swift in Sources */,
				11F6D36325D30618008D1B4E /* GlobalConstants.swift in Sources */,
				110C7CF026A61C51002778B4 /* CALayer+Extensions.swift in Sources */,
				1131B5892540881000BD3FE0 /* RepositoryAssembly.swift in Sources */,
				110C7CF926A61F17002778B4 /* Double+Extensions.swift in Sources */,
				1131B587254086A900BD3FE0 /* PresenterAssembly.swift in Sources */,
				11770D5F2542656300A912F4 /* HomeViewPresenter.swift in Sources */,
				11F6D33725D30113008D1B4E /* UIImage+Extensions.swift in Sources */,
				11F6D33125D30083008D1B4E /* TimeInterval+Extensions.swift in Sources */,
				110C7D1E26A623BF002778B4 /* UIWindow+Extensions.swift in Sources */,
				1131B5582540542300BD3FE0 /* GenericStack.xcdatamodeld in Sources */,
				1131B56F25405FB600BD3FE0 /* Edge.swift in Sources */,
				110C7D2226A62505002778B4 /* PickerRepresentable.swift in Sources */,
				11F6D35225D3045D008D1B4E /* CollectionViewHeaderFooterProtocol.swift in Sources */,
				1152B3892546618B00D8E8BB /* UIColor+Extensions.swift in Sources */,
				1131B5692540560200BD3FE0 /* NSObject+Extensions.swift in Sources */,
				1113A81B2542CC7C00CF79AB /* AlertBuilder.swift in Sources */,
				11DD325625424A6100601F89 /* AuthRepository.swift in Sources */,
				115E588626E0C2230014A818 /* File.swift in Sources */,
				110C7D1526A621F9002778B4 /* UILayoutGuide+Extensions.swift in Sources */,
				11F6D33A25D30164008D1B4E /* UIResponder+Extensions.swift in Sources */,
				11F6D32B25D2FF6E008D1B4E /* NSLayoutConstraint+Extensions.swift in Sources */,
				110C7D1B26A62294002778B4 /* UITextView+Extensions.swift in Sources */,
				11F6D34325D30273008D1B4E /* UserDefaults+Extensions.swift in Sources */,
				1131B58B254088B100BD3FE0 /* NetworkAssembly.swift in Sources */,
				1131B54E2540542300BD3FE0 /* AppDelegate.swift in Sources */,
				11F6D31525D2FCAD008D1B4E /* ContentViewProtocol.swift in Sources */,
				11E854032541D6390062F681 /* URL+Extensions.swift in Sources */,
				11F6D34F25D3040D008D1B4E /* CollectionView.swift in Sources */,
				110C7D3226A627A7002778B4 /* ConfettiLayer.swift in Sources */,
				11F6D36025D30524008D1B4E /* TableViewSection.swift in Sources */,
				11DD32522542497600601F89 /* NetworkConstants.swift in Sources */,
				11F6D32225D2FE9E008D1B4E /* Dictionary+Extensions.swift in Sources */,
				1152B3872546600C00D8E8BB /* UINavigationController+Extensions.swift in Sources */,
				11F6D35525D30485008D1B4E /* CollectionViewSection.swift in Sources */,
				110C7D1826A62245002778B4 /* UIScrollView+Extensions.swift in Sources */,
				110C7CFD26A61F6B002778B4 /* FloatingPoint+Extensions.swift in Sources */,
				11F6D35925D304D2008D1B4E /* TableView.swift in Sources */,
				11770D5C2542649B00A912F4 /* HomeViewController.swift in Sources */,
				11F6D32525D2FF0C008D1B4E /* FileManager+Extensions.swift in Sources */,
				1131B5782540727400BD3FE0 /* DependencyLoader.swift in Sources */,
				110C7CED26A61C00002778B4 /* Bool+Extensions.swift in Sources */,
				11DD325A25424B0400601F89 /* Encodable+Extensions.swift in Sources */,
				110C7D3626A627CF002778B4 /* ConfettiType.swift in Sources */,
				11F6D31825D2FCC9008D1B4E /* CountdownProtocol.swift in Sources */,
				11F6D34C25D303CB008D1B4E /* ConfigurableView.swift in Sources */,
				11F6D31025D2FC3E008D1B4E /* Atomic.swift in Sources */,
				11E854012541D5380062F681 /* URLRequestConvertible.swift in Sources */,
				11F6D31F25D2FDFB008D1B4E /* Date+Extensions.swift in Sources */,
				1131B5652540544C00BD3FE0 /* BaseViewProtocol.swift in Sources */,
				1131B58D254088C000BD3FE0 /* ServiceAssembly.swift in Sources */,
				1152B38525465E4D00D8E8BB /* UIViewController+Extensions.swift in Sources */,
				11F6D32E25D2FFED008D1B4E /* String+Extensions.swift in Sources */,
				110C7CF326A61C84002778B4 /* CGPoint+Extensions.swift in Sources */,
				1131B57F2540742000BD3FE0 /* UserDefaultsBacked.swift in Sources */,
				11F6D35D25D30506008D1B4E /* TableViewHeaderFooterConfigurator.swift in Sources */,
				115E588A26E0C5190014A818 /* User.swift in Sources */,
				110C7D0926A62123002778B4 /* UIControl+Extensions.swift in Sources */,
				11F6D34925D3039F008D1B4E /* CellConfigurator.swift in Sources */,
				11DD32452542244700601F89 /* Future.swift in Sources */,
				110C7D2926A626A3002778B4 /* NSMutableAttributedStringBuilder.swift in Sources */,
				110C7D2626A62527002778B4 /* PickerView.swift in Sources */,
				11F6D33425D300CE008D1B4E /* UICollectionViewCell+Extensions.swift in Sources */,
				11F6D33D25D30192008D1B4E /* UIStackView+Extensions.swift in Sources */,
				110C7D0626A6207A002778B4 /* NotificationCenter+Extensions.swift in Sources */,
				110C7CF626A61CB5002778B4 /* Data+Extensions.swift in Sources */,
				11F6D32825D2FF39008D1B4E /* Int+Extensions.swift in Sources */,
				1131B5502540542300BD3FE0 /* SceneDelegate.swift in Sources */,
			);
			runOnlyForDeploymentPostprocessing = 0;
		};
/* End PBXSourcesBuildPhase section */

/* Begin PBXVariantGroup section */
		1131B55B2540542D00BD3FE0 /* LaunchScreen.storyboard */ = {
			isa = PBXVariantGroup;
			children = (
				1131B55C2540542D00BD3FE0 /* Base */,
			);
			name = LaunchScreen.storyboard;
			sourceTree = "<group>";
		};
/* End PBXVariantGroup section */

/* Begin XCBuildConfiguration section */
		1131B55F2540542D00BD3FE0 /* Debug */ = {
			isa = XCBuildConfiguration;
			buildSettings = {
				ALWAYS_SEARCH_USER_PATHS = NO;
				CLANG_ANALYZER_NONNULL = YES;
				CLANG_ANALYZER_NUMBER_OBJECT_CONVERSION = YES_AGGRESSIVE;
				CLANG_CXX_LANGUAGE_STANDARD = "gnu++14";
				CLANG_CXX_LIBRARY = "libc++";
				CLANG_ENABLE_MODULES = YES;
				CLANG_ENABLE_OBJC_ARC = YES;
				CLANG_ENABLE_OBJC_WEAK = YES;
				CLANG_WARN_BLOCK_CAPTURE_AUTORELEASING = YES;
				CLANG_WARN_BOOL_CONVERSION = YES;
				CLANG_WARN_COMMA = YES;
				CLANG_WARN_CONSTANT_CONVERSION = YES;
				CLANG_WARN_DEPRECATED_OBJC_IMPLEMENTATIONS = YES;
				CLANG_WARN_DIRECT_OBJC_ISA_USAGE = YES_ERROR;
				CLANG_WARN_DOCUMENTATION_COMMENTS = YES;
				CLANG_WARN_EMPTY_BODY = YES;
				CLANG_WARN_ENUM_CONVERSION = YES;
				CLANG_WARN_INFINITE_RECURSION = YES;
				CLANG_WARN_INT_CONVERSION = YES;
				CLANG_WARN_NON_LITERAL_NULL_CONVERSION = YES;
				CLANG_WARN_OBJC_IMPLICIT_RETAIN_SELF = YES;
				CLANG_WARN_OBJC_LITERAL_CONVERSION = YES;
				CLANG_WARN_OBJC_ROOT_CLASS = YES_ERROR;
				CLANG_WARN_QUOTED_INCLUDE_IN_FRAMEWORK_HEADER = YES;
				CLANG_WARN_RANGE_LOOP_ANALYSIS = YES;
				CLANG_WARN_STRICT_PROTOTYPES = YES;
				CLANG_WARN_SUSPICIOUS_MOVE = YES;
				CLANG_WARN_UNGUARDED_AVAILABILITY = YES_AGGRESSIVE;
				CLANG_WARN_UNREACHABLE_CODE = YES;
				CLANG_WARN__DUPLICATE_METHOD_MATCH = YES;
				COPY_PHASE_STRIP = NO;
				DEBUG_INFORMATION_FORMAT = dwarf;
				ENABLE_STRICT_OBJC_MSGSEND = YES;
				ENABLE_TESTABILITY = YES;
				GCC_C_LANGUAGE_STANDARD = gnu11;
				GCC_DYNAMIC_NO_PIC = NO;
				GCC_NO_COMMON_BLOCKS = YES;
				GCC_OPTIMIZATION_LEVEL = 0;
				GCC_PREPROCESSOR_DEFINITIONS = (
					"DEBUG=1",
					"$(inherited)",
				);
				GCC_WARN_64_TO_32_BIT_CONVERSION = YES;
				GCC_WARN_ABOUT_RETURN_TYPE = YES_ERROR;
				GCC_WARN_UNDECLARED_SELECTOR = YES;
				GCC_WARN_UNINITIALIZED_AUTOS = YES_AGGRESSIVE;
				GCC_WARN_UNUSED_FUNCTION = YES;
				GCC_WARN_UNUSED_VARIABLE = YES;
				IPHONEOS_DEPLOYMENT_TARGET = 13.6;
				MTL_ENABLE_DEBUG_INFO = INCLUDE_SOURCE;
				MTL_FAST_MATH = YES;
				ONLY_ACTIVE_ARCH = YES;
				SDKROOT = iphoneos;
				SWIFT_ACTIVE_COMPILATION_CONDITIONS = DEBUG;
				SWIFT_OPTIMIZATION_LEVEL = "-Onone";
			};
			name = Debug;
		};
		1131B5602540542D00BD3FE0 /* Release */ = {
			isa = XCBuildConfiguration;
			buildSettings = {
				ALWAYS_SEARCH_USER_PATHS = NO;
				CLANG_ANALYZER_NONNULL = YES;
				CLANG_ANALYZER_NUMBER_OBJECT_CONVERSION = YES_AGGRESSIVE;
				CLANG_CXX_LANGUAGE_STANDARD = "gnu++14";
				CLANG_CXX_LIBRARY = "libc++";
				CLANG_ENABLE_MODULES = YES;
				CLANG_ENABLE_OBJC_ARC = YES;
				CLANG_ENABLE_OBJC_WEAK = YES;
				CLANG_WARN_BLOCK_CAPTURE_AUTORELEASING = YES;
				CLANG_WARN_BOOL_CONVERSION = YES;
				CLANG_WARN_COMMA = YES;
				CLANG_WARN_CONSTANT_CONVERSION = YES;
				CLANG_WARN_DEPRECATED_OBJC_IMPLEMENTATIONS = YES;
				CLANG_WARN_DIRECT_OBJC_ISA_USAGE = YES_ERROR;
				CLANG_WARN_DOCUMENTATION_COMMENTS = YES;
				CLANG_WARN_EMPTY_BODY = YES;
				CLANG_WARN_ENUM_CONVERSION = YES;
				CLANG_WARN_INFINITE_RECURSION = YES;
				CLANG_WARN_INT_CONVERSION = YES;
				CLANG_WARN_NON_LITERAL_NULL_CONVERSION = YES;
				CLANG_WARN_OBJC_IMPLICIT_RETAIN_SELF = YES;
				CLANG_WARN_OBJC_LITERAL_CONVERSION = YES;
				CLANG_WARN_OBJC_ROOT_CLASS = YES_ERROR;
				CLANG_WARN_QUOTED_INCLUDE_IN_FRAMEWORK_HEADER = YES;
				CLANG_WARN_RANGE_LOOP_ANALYSIS = YES;
				CLANG_WARN_STRICT_PROTOTYPES = YES;
				CLANG_WARN_SUSPICIOUS_MOVE = YES;
				CLANG_WARN_UNGUARDED_AVAILABILITY = YES_AGGRESSIVE;
				CLANG_WARN_UNREACHABLE_CODE = YES;
				CLANG_WARN__DUPLICATE_METHOD_MATCH = YES;
				COPY_PHASE_STRIP = NO;
				DEBUG_INFORMATION_FORMAT = "dwarf-with-dsym";
				ENABLE_NS_ASSERTIONS = NO;
				ENABLE_STRICT_OBJC_MSGSEND = YES;
				GCC_C_LANGUAGE_STANDARD = gnu11;
				GCC_NO_COMMON_BLOCKS = YES;
				GCC_WARN_64_TO_32_BIT_CONVERSION = YES;
				GCC_WARN_ABOUT_RETURN_TYPE = YES_ERROR;
				GCC_WARN_UNDECLARED_SELECTOR = YES;
				GCC_WARN_UNINITIALIZED_AUTOS = YES_AGGRESSIVE;
				GCC_WARN_UNUSED_FUNCTION = YES;
				GCC_WARN_UNUSED_VARIABLE = YES;
				IPHONEOS_DEPLOYMENT_TARGET = 13.6;
				MTL_ENABLE_DEBUG_INFO = NO;
				MTL_FAST_MATH = YES;
				SDKROOT = iphoneos;
				SWIFT_COMPILATION_MODE = wholemodule;
				SWIFT_OPTIMIZATION_LEVEL = "-O";
				VALIDATE_PRODUCT = YES;
			};
			name = Release;
		};
		1131B5622540542D00BD3FE0 /* Debug */ = {
			isa = XCBuildConfiguration;
			buildSettings = {
				ASSETCATALOG_COMPILER_APPICON_NAME = AppIcon;
				CODE_SIGN_STYLE = Automatic;
				DEVELOPMENT_TEAM = S2LV3T7DFP;
				INFOPLIST_FILE = GenericStack/Info.plist;
				LD_RUNPATH_SEARCH_PATHS = (
					"$(inherited)",
					"@executable_path/Frameworks",
				);
				PRODUCT_BUNDLE_IDENTIFIER = com.vinnu.GenericStack;
				PRODUCT_NAME = "$(TARGET_NAME)";
				SWIFT_VERSION = 5.0;
				TARGETED_DEVICE_FAMILY = "1,2";
			};
			name = Debug;
		};
		1131B5632540542D00BD3FE0 /* Release */ = {
			isa = XCBuildConfiguration;
			buildSettings = {
				ASSETCATALOG_COMPILER_APPICON_NAME = AppIcon;
				CODE_SIGN_STYLE = Automatic;
				DEVELOPMENT_TEAM = S2LV3T7DFP;
				INFOPLIST_FILE = GenericStack/Info.plist;
				LD_RUNPATH_SEARCH_PATHS = (
					"$(inherited)",
					"@executable_path/Frameworks",
				);
				PRODUCT_BUNDLE_IDENTIFIER = com.vinnu.GenericStack;
				PRODUCT_NAME = "$(TARGET_NAME)";
				SWIFT_VERSION = 5.0;
				TARGETED_DEVICE_FAMILY = "1,2";
			};
			name = Release;
		};
/* End XCBuildConfiguration section */

/* Begin XCConfigurationList section */
		1131B5452540542300BD3FE0 /* Build configuration list for PBXProject "GenericStack" */ = {
			isa = XCConfigurationList;
			buildConfigurations = (
				1131B55F2540542D00BD3FE0 /* Debug */,
				1131B5602540542D00BD3FE0 /* Release */,
			);
			defaultConfigurationIsVisible = 0;
			defaultConfigurationName = Release;
		};
		1131B5612540542D00BD3FE0 /* Build configuration list for PBXNativeTarget "GenericStack" */ = {
			isa = XCConfigurationList;
			buildConfigurations = (
				1131B5622540542D00BD3FE0 /* Debug */,
				1131B5632540542D00BD3FE0 /* Release */,
			);
			defaultConfigurationIsVisible = 0;
			defaultConfigurationName = Release;
		};
/* End XCConfigurationList section */

/* Begin XCRemoteSwiftPackageReference section */
		1131B5702540722700BD3FE0 /* XCRemoteSwiftPackageReference "Swinject" */ = {
			isa = XCRemoteSwiftPackageReference;
			repositoryURL = "https://github.com/Swinject/Swinject";
			requirement = {
				kind = upToNextMajorVersion;
				minimumVersion = 2.7.1;
			};
		};
		11E853FD2541D5020062F681 /* XCRemoteSwiftPackageReference "Alamofire" */ = {
			isa = XCRemoteSwiftPackageReference;
			repositoryURL = "https://github.com/Alamofire/Alamofire";
			requirement = {
				kind = upToNextMajorVersion;
				minimumVersion = 5.3.0;
			};
		};
/* End XCRemoteSwiftPackageReference section */

/* Begin XCSwiftPackageProductDependency section */
		1131B5712540722700BD3FE0 /* Swinject */ = {
			isa = XCSwiftPackageProductDependency;
			package = 1131B5702540722700BD3FE0 /* XCRemoteSwiftPackageReference "Swinject" */;
			productName = Swinject;
		};
		11E853FE2541D5020062F681 /* Alamofire */ = {
			isa = XCSwiftPackageProductDependency;
			package = 11E853FD2541D5020062F681 /* XCRemoteSwiftPackageReference "Alamofire" */;
			productName = Alamofire;
		};
/* End XCSwiftPackageProductDependency section */

/* Begin XCVersionGroup section */
		1131B5562540542300BD3FE0 /* GenericStack.xcdatamodeld */ = {
			isa = XCVersionGroup;
			children = (
				1131B5572540542300BD3FE0 /* GenericStack.xcdatamodel */,
			);
			currentVersion = 1131B5572540542300BD3FE0 /* GenericStack.xcdatamodel */;
			path = GenericStack.xcdatamodeld;
			sourceTree = "<group>";
			versionGroupType = wrapper.xcdatamodel;
		};
/* End XCVersionGroup section */
	};
	rootObject = 1131B5422540542300BD3FE0 /* Project object */;
}
