// !$*UTF8*$!
{
	archiveVersion = 1;
	classes = {
	};
	objectVersion = 50;
	objects = {

/* Begin PBXBuildFile section */
		1131B54E2540542300BD3FE0 /* AppDelegate.swift in Sources */ = {isa = PBXBuildFile; fileRef = 1131B54D2540542300BD3FE0 /* AppDelegate.swift */; };
		1131B5502540542300BD3FE0 /* SceneDelegate.swift in Sources */ = {isa = PBXBuildFile; fileRef = 1131B54F2540542300BD3FE0 /* SceneDelegate.swift */; };
		1131B5522540542300BD3FE0 /* ViewController.swift in Sources */ = {isa = PBXBuildFile; fileRef = 1131B5512540542300BD3FE0 /* ViewController.swift */; };
		1131B5552540542300BD3FE0 /* Main.storyboard in Resources */ = {isa = PBXBuildFile; fileRef = 1131B5532540542300BD3FE0 /* Main.storyboard */; };
		1131B5582540542300BD3FE0 /* GenericStack.xcdatamodeld in Sources */ = {isa = PBXBuildFile; fileRef = 1131B5562540542300BD3FE0 /* GenericStack.xcdatamodeld */; };
		1131B55A2540542D00BD3FE0 /* Assets.xcassets in Resources */ = {isa = PBXBuildFile; fileRef = 1131B5592540542D00BD3FE0 /* Assets.xcassets */; };
		1131B55D2540542D00BD3FE0 /* LaunchScreen.storyboard in Resources */ = {isa = PBXBuildFile; fileRef = 1131B55B2540542D00BD3FE0 /* LaunchScreen.storyboard */; };
/* End PBXBuildFile section */

/* Begin PBXFileReference section */
		1131B54A2540542300BD3FE0 /* GenericStack.app */ = {isa = PBXFileReference; explicitFileType = wrapper.application; includeInIndex = 0; path = GenericStack.app; sourceTree = BUILT_PRODUCTS_DIR; };
		1131B54D2540542300BD3FE0 /* AppDelegate.swift */ = {isa = PBXFileReference; lastKnownFileType = sourcecode.swift; path = AppDelegate.swift; sourceTree = "<group>"; };
		1131B54F2540542300BD3FE0 /* SceneDelegate.swift */ = {isa = PBXFileReference; lastKnownFileType = sourcecode.swift; path = SceneDelegate.swift; sourceTree = "<group>"; };
		1131B5512540542300BD3FE0 /* ViewController.swift */ = {isa = PBXFileReference; lastKnownFileType = sourcecode.swift; path = ViewController.swift; sourceTree = "<group>"; };
		1131B5542540542300BD3FE0 /* Base */ = {isa = PBXFileReference; lastKnownFileType = file.storyboard; name = Base; path = Base.lproj/Main.storyboard; sourceTree = "<group>"; };
		1131B5572540542300BD3FE0 /* GenericStack.xcdatamodel */ = {isa = PBXFileReference; lastKnownFileType = wrapper.xcdatamodel; path = GenericStack.xcdatamodel; sourceTree = "<group>"; };
		1131B5592540542D00BD3FE0 /* Assets.xcassets */ = {isa = PBXFileReference; lastKnownFileType = folder.assetcatalog; path = Assets.xcassets; sourceTree = "<group>"; };
		1131B55C2540542D00BD3FE0 /* Base */ = {isa = PBXFileReference; lastKnownFileType = file.storyboard; name = Base; path = Base.lproj/LaunchScreen.storyboard; sourceTree = "<group>"; };
		1131B55E2540542D00BD3FE0 /* Info.plist */ = {isa = PBXFileReference; lastKnownFileType = text.plist.xml; path = Info.plist; sourceTree = "<group>"; };
/* End PBXFileReference section */

/* Begin PBXFrameworksBuildPhase section */
		1131B5472540542300BD3FE0 /* Frameworks */ = {
			isa = PBXFrameworksBuildPhase;
			buildActionMask = 2147483647;
			files = (
			);
			runOnlyForDeploymentPostprocessing = 0;
		};
/* End PBXFrameworksBuildPhase section */

/* Begin PBXGroup section */
		1131B5412540542300BD3FE0 = {
			isa = PBXGroup;
			children = (
				1131B54C2540542300BD3FE0 /* GenericStack */,
				1131B54B2540542300BD3FE0 /* Products */,
			);
			sourceTree = "<group>";
		};
		1131B54B2540542300BD3FE0 /* Products */ = {
			isa = PBXGroup;
			children = (
				1131B54A2540542300BD3FE0 /* GenericStack.app */,
			);
			name = Products;
			sourceTree = "<group>";
		};
		1131B54C2540542300BD3FE0 /* GenericStack */ = {
			isa = PBXGroup;
			children = (
				1131B54D2540542300BD3FE0 /* AppDelegate.swift */,
				1131B54F2540542300BD3FE0 /* SceneDelegate.swift */,
				1131B5512540542300BD3FE0 /* ViewController.swift */,
				1131B5532540542300BD3FE0 /* Main.storyboard */,
				1131B5592540542D00BD3FE0 /* Assets.xcassets */,
				1131B55B2540542D00BD3FE0 /* LaunchScreen.storyboard */,
				1131B55E2540542D00BD3FE0 /* Info.plist */,
				1131B5562540542300BD3FE0 /* GenericStack.xcdatamodeld */,
			);
			path = GenericStack;
			sourceTree = "<group>";
		};
/* End PBXGroup section */

/* Begin PBXNativeTarget section */
		1131B5492540542300BD3FE0 /* GenericStack */ = {
			isa = PBXNativeTarget;
			buildConfigurationList = 1131B5612540542D00BD3FE0 /* Build configuration list for PBXNativeTarget "GenericStack" */;
			buildPhases = (
				1131B5462540542300BD3FE0 /* Sources */,
				1131B5472540542300BD3FE0 /* Frameworks */,
				1131B5482540542300BD3FE0 /* Resources */,
			);
			buildRules = (
			);
			dependencies = (
			);
			name = GenericStack;
			productName = GenericStack;
			productReference = 1131B54A2540542300BD3FE0 /* GenericStack.app */;
			productType = "com.apple.product-type.application";
		};
/* End PBXNativeTarget section */

/* Begin PBXProject section */
		1131B5422540542300BD3FE0 /* Project object */ = {
			isa = PBXProject;
			attributes = {
				LastSwiftUpdateCheck = 1160;
				LastUpgradeCheck = 1160;
				ORGANIZATIONNAME = "Srivinayak Chaitanya Eshwa";
				TargetAttributes = {
					1131B5492540542300BD3FE0 = {
						CreatedOnToolsVersion = 11.6;
					};
				};
			};
			buildConfigurationList = 1131B5452540542300BD3FE0 /* Build configuration list for PBXProject "GenericStack" */;
			compatibilityVersion = "Xcode 9.3";
			developmentRegion = en;
			hasScannedForEncodings = 0;
			knownRegions = (
				en,
				Base,
			);
			mainGroup = 1131B5412540542300BD3FE0;
			productRefGroup = 1131B54B2540542300BD3FE0 /* Products */;
			projectDirPath = "";
			projectRoot = "";
			targets = (
				1131B5492540542300BD3FE0 /* GenericStack */,
			);
		};
/* End PBXProject section */

/* Begin PBXResourcesBuildPhase section */
		1131B5482540542300BD3FE0 /* Resources */ = {
			isa = PBXResourcesBuildPhase;
			buildActionMask = 2147483647;
			files = (
				1131B55D2540542D00BD3FE0 /* LaunchScreen.storyboard in Resources */,
				1131B55A2540542D00BD3FE0 /* Assets.xcassets in Resources */,
				1131B5552540542300BD3FE0 /* Main.storyboard in Resources */,
			);
			runOnlyForDeploymentPostprocessing = 0;
		};
/* End PBXResourcesBuildPhase section */

/* Begin PBXSourcesBuildPhase section */
		1131B5462540542300BD3FE0 /* Sources */ = {
			isa = PBXSourcesBuildPhase;
			buildActionMask = 2147483647;
			files = (
				1131B5582540542300BD3FE0 /* GenericStack.xcdatamodeld in Sources */,
				1131B5522540542300BD3FE0 /* ViewController.swift in Sources */,
				1131B54E2540542300BD3FE0 /* AppDelegate.swift in Sources */,
				1131B5502540542300BD3FE0 /* SceneDelegate.swift in Sources */,
			);
			runOnlyForDeploymentPostprocessing = 0;
		};
/* End PBXSourcesBuildPhase section */

/* Begin PBXVariantGroup section */
		1131B5532540542300BD3FE0 /* Main.storyboard */ = {
			isa = PBXVariantGroup;
			children = (
				1131B5542540542300BD3FE0 /* Base */,
			);
			name = Main.storyboard;
			sourceTree = "<group>";
		};
		1131B55B2540542D00BD3FE0 /* LaunchScreen.storyboard */ = {
			isa = PBXVariantGroup;
			children = (
				1131B55C2540542D00BD3FE0 /* Base */,
			);
			name = LaunchScreen.storyboard;
			sourceTree = "<group>";
		};
/* End PBXVariantGroup section */

/* Begin XCBuildConfiguration section */
		1131B55F2540542D00BD3FE0 /* Debug */ = {
			isa = XCBuildConfiguration;
			buildSettings = {
				ALWAYS_SEARCH_USER_PATHS = NO;
				CLANG_ANALYZER_NONNULL = YES;
				CLANG_ANALYZER_NUMBER_OBJECT_CONVERSION = YES_AGGRESSIVE;
				CLANG_CXX_LANGUAGE_STANDARD = "gnu++14";
				CLANG_CXX_LIBRARY = "libc++";
				CLANG_ENABLE_MODULES = YES;
				CLANG_ENABLE_OBJC_ARC = YES;
				CLANG_ENABLE_OBJC_WEAK = YES;
				CLANG_WARN_BLOCK_CAPTURE_AUTORELEASING = YES;
				CLANG_WARN_BOOL_CONVERSION = YES;
				CLANG_WARN_COMMA = YES;
				CLANG_WARN_CONSTANT_CONVERSION = YES;
				CLANG_WARN_DEPRECATED_OBJC_IMPLEMENTATIONS = YES;
				CLANG_WARN_DIRECT_OBJC_ISA_USAGE = YES_ERROR;
				CLANG_WARN_DOCUMENTATION_COMMENTS = YES;
				CLANG_WARN_EMPTY_BODY = YES;
				CLANG_WARN_ENUM_CONVERSION = YES;
				CLANG_WARN_INFINITE_RECURSION = YES;
				CLANG_WARN_INT_CONVERSION = YES;
				CLANG_WARN_NON_LITERAL_NULL_CONVERSION = YES;
				CLANG_WARN_OBJC_IMPLICIT_RETAIN_SELF = YES;
				CLANG_WARN_OBJC_LITERAL_CONVERSION = YES;
				CLANG_WARN_OBJC_ROOT_CLASS = YES_ERROR;
				CLANG_WARN_RANGE_LOOP_ANALYSIS = YES;
				CLANG_WARN_STRICT_PROTOTYPES = YES;
				CLANG_WARN_SUSPICIOUS_MOVE = YES;
				CLANG_WARN_UNGUARDED_AVAILABILITY = YES_AGGRESSIVE;
				CLANG_WARN_UNREACHABLE_CODE = YES;
				CLANG_WARN__DUPLICATE_METHOD_MATCH = YES;
				COPY_PHASE_STRIP = NO;
				DEBUG_INFORMATION_FORMAT = dwarf;
				ENABLE_STRICT_OBJC_MSGSEND = YES;
				ENABLE_TESTABILITY = YES;
				GCC_C_LANGUAGE_STANDARD = gnu11;
				GCC_DYNAMIC_NO_PIC = NO;
				GCC_NO_COMMON_BLOCKS = YES;
				GCC_OPTIMIZATION_LEVEL = 0;
				GCC_PREPROCESSOR_DEFINITIONS = (
					"DEBUG=1",
					"$(inherited)",
				);
				GCC_WARN_64_TO_32_BIT_CONVERSION = YES;
				GCC_WARN_ABOUT_RETURN_TYPE = YES_ERROR;
				GCC_WARN_UNDECLARED_SELECTOR = YES;
				GCC_WARN_UNINITIALIZED_AUTOS = YES_AGGRESSIVE;
				GCC_WARN_UNUSED_FUNCTION = YES;
				GCC_WARN_UNUSED_VARIABLE = YES;
				IPHONEOS_DEPLOYMENT_TARGET = 13.6;
				MTL_ENABLE_DEBUG_INFO = INCLUDE_SOURCE;
				MTL_FAST_MATH = YES;
				ONLY_ACTIVE_ARCH = YES;
				SDKROOT = iphoneos;
				SWIFT_ACTIVE_COMPILATION_CONDITIONS = DEBUG;
				SWIFT_OPTIMIZATION_LEVEL = "-Onone";
			};
			name = Debug;
		};
		1131B5602540542D00BD3FE0 /* Release */ = {
			isa = XCBuildConfiguration;
			buildSettings = {
				ALWAYS_SEARCH_USER_PATHS = NO;
				CLANG_ANALYZER_NONNULL = YES;
				CLANG_ANALYZER_NUMBER_OBJECT_CONVERSION = YES_AGGRESSIVE;
				CLANG_CXX_LANGUAGE_STANDARD = "gnu++14";
				CLANG_CXX_LIBRARY = "libc++";
				CLANG_ENABLE_MODULES = YES;
				CLANG_ENABLE_OBJC_ARC = YES;
				CLANG_ENABLE_OBJC_WEAK = YES;
				CLANG_WARN_BLOCK_CAPTURE_AUTORELEASING = YES;
				CLANG_WARN_BOOL_CONVERSION = YES;
				CLANG_WARN_COMMA = YES;
				CLANG_WARN_CONSTANT_CONVERSION = YES;
				CLANG_WARN_DEPRECATED_OBJC_IMPLEMENTATIONS = YES;
				CLANG_WARN_DIRECT_OBJC_ISA_USAGE = YES_ERROR;
				CLANG_WARN_DOCUMENTATION_COMMENTS = YES;
				CLANG_WARN_EMPTY_BODY = YES;
				CLANG_WARN_ENUM_CONVERSION = YES;
				CLANG_WARN_INFINITE_RECURSION = YES;
				CLANG_WARN_INT_CONVERSION = YES;
				CLANG_WARN_NON_LITERAL_NULL_CONVERSION = YES;
				CLANG_WARN_OBJC_IMPLICIT_RETAIN_SELF = YES;
				CLANG_WARN_OBJC_LITERAL_CONVERSION = YES;
				CLANG_WARN_OBJC_ROOT_CLASS = YES_ERROR;
				CLANG_WARN_RANGE_LOOP_ANALYSIS = YES;
				CLANG_WARN_STRICT_PROTOTYPES = YES;
				CLANG_WARN_SUSPICIOUS_MOVE = YES;
				CLANG_WARN_UNGUARDED_AVAILABILITY = YES_AGGRESSIVE;
				CLANG_WARN_UNREACHABLE_CODE = YES;
				CLANG_WARN__DUPLICATE_METHOD_MATCH = YES;
				COPY_PHASE_STRIP = NO;
				DEBUG_INFORMATION_FORMAT = "dwarf-with-dsym";
				ENABLE_NS_ASSERTIONS = NO;
				ENABLE_STRICT_OBJC_MSGSEND = YES;
				GCC_C_LANGUAGE_STANDARD = gnu11;
				GCC_NO_COMMON_BLOCKS = YES;
				GCC_WARN_64_TO_32_BIT_CONVERSION = YES;
				GCC_WARN_ABOUT_RETURN_TYPE = YES_ERROR;
				GCC_WARN_UNDECLARED_SELECTOR = YES;
				GCC_WARN_UNINITIALIZED_AUTOS = YES_AGGRESSIVE;
				GCC_WARN_UNUSED_FUNCTION = YES;
				GCC_WARN_UNUSED_VARIABLE = YES;
				IPHONEOS_DEPLOYMENT_TARGET = 13.6;
				MTL_ENABLE_DEBUG_INFO = NO;
				MTL_FAST_MATH = YES;
				SDKROOT = iphoneos;
				SWIFT_COMPILATION_MODE = wholemodule;
				SWIFT_OPTIMIZATION_LEVEL = "-O";
				VALIDATE_PRODUCT = YES;
			};
			name = Release;
		};
		1131B5622540542D00BD3FE0 /* Debug */ = {
			isa = XCBuildConfiguration;
			buildSettings = {
				ASSETCATALOG_COMPILER_APPICON_NAME = AppIcon;
				CODE_SIGN_STYLE = Automatic;
				DEVELOPMENT_TEAM = S2LV3T7DFP;
				INFOPLIST_FILE = GenericStack/Info.plist;
				LD_RUNPATH_SEARCH_PATHS = (
					"$(inherited)",
					"@executable_path/Frameworks",
				);
				PRODUCT_BUNDLE_IDENTIFIER = com.vinnu.GenericStack;
				PRODUCT_NAME = "$(TARGET_NAME)";
				SWIFT_VERSION = 5.0;
				TARGETED_DEVICE_FAMILY = "1,2";
			};
			name = Debug;
		};
		1131B5632540542D00BD3FE0 /* Release */ = {
			isa = XCBuildConfiguration;
			buildSettings = {
				ASSETCATALOG_COMPILER_APPICON_NAME = AppIcon;
				CODE_SIGN_STYLE = Automatic;
				DEVELOPMENT_TEAM = S2LV3T7DFP;
				INFOPLIST_FILE = GenericStack/Info.plist;
				LD_RUNPATH_SEARCH_PATHS = (
					"$(inherited)",
					"@executable_path/Frameworks",
				);
				PRODUCT_BUNDLE_IDENTIFIER = com.vinnu.GenericStack;
				PRODUCT_NAME = "$(TARGET_NAME)";
				SWIFT_VERSION = 5.0;
				TARGETED_DEVICE_FAMILY = "1,2";
			};
			name = Release;
		};
/* End XCBuildConfiguration section */

/* Begin XCConfigurationList section */
		1131B5452540542300BD3FE0 /* Build configuration list for PBXProject "GenericStack" */ = {
			isa = XCConfigurationList;
			buildConfigurations = (
				1131B55F2540542D00BD3FE0 /* Debug */,
				1131B5602540542D00BD3FE0 /* Release */,
			);
			defaultConfigurationIsVisible = 0;
			defaultConfigurationName = Release;
		};
		1131B5612540542D00BD3FE0 /* Build configuration list for PBXNativeTarget "GenericStack" */ = {
			isa = XCConfigurationList;
			buildConfigurations = (
				1131B5622540542D00BD3FE0 /* Debug */,
				1131B5632540542D00BD3FE0 /* Release */,
			);
			defaultConfigurationIsVisible = 0;
			defaultConfigurationName = Release;
		};
/* End XCConfigurationList section */

/* Begin XCVersionGroup section */
		1131B5562540542300BD3FE0 /* GenericStack.xcdatamodeld */ = {
			isa = XCVersionGroup;
			children = (
				1131B5572540542300BD3FE0 /* GenericStack.xcdatamodel */,
			);
			currentVersion = 1131B5572540542300BD3FE0 /* GenericStack.xcdatamodel */;
			path = GenericStack.xcdatamodeld;
			sourceTree = "<group>";
			versionGroupType = wrapper.xcdatamodel;
		};
/* End XCVersionGroup section */
	};
	rootObject = 1131B5422540542300BD3FE0 /* Project object */;
}
